github.com/fatih/structtag v1.2.0 h1:/OdNE99OxoI/PqaW/SuSK9uxxT3f/tcSZgon/ssNSx4=
github.com/fatih/structtag v1.2.0/go.mod h1:mBJUNpUnHmRKrKlQQlmCrh5PuhftFbNv8Ys4/aAZl94=
github.com/uccu/go-stringify v0.4.3 h1:l3vqUe5N7ZR9PLIkbpFp9mOXeFjSC+rOcrdsxTiUht8=
github.com/uccu/go-stringify v0.4.3/go.mod h1:jBTRQBTfk1JWu4sPbO6hRZz+rqd/dUTwBnfCKucH3Jo=
